
Microsoft Visual Studio Solution File, Format Version 12.00
# Visual Studio Version 16
VisualStudioVersion = 16.0.31515.178
MinimumVisualStudioVersion = 10.0.40219.1
Project("{9A19103F-16F7-4668-BE54-9A1E7A4F7556}") = "InputRecordReplay", "InputRecordReplay.csproj", "{ACBAB271-3694-4789-9FFF-348A2C7FB659}"
EndProject
Project("{2150E333-8FDC-42A3-9474-1A3956D46DE8}") = "Solution Items", "Solution Items", "{F966DF27-1103-4216-92C8-026AAA289F3E}"
	ProjectSection(SolutionItems) = preProject
		.editorconfig = .editorconfig
	EndProjectSection
EndProject
Global
	GlobalSection(SolutionConfigurationPlatforms) = preSolution
		Debug|Any CPU = Debug|Any CPU
		Release|Any CPU = Release|Any CPU
	EndGlobalSection
	GlobalSection(ProjectConfigurationPlatforms) = postSolution
		{ACBAB271-3694-4789-9FFF-348A2C7FB659}.Debug|Any CPU.ActiveCfg = Debug|Any CPU
		{ACBAB271-3694-4789-9FFF-348A2C7FB659}.Debug|Any CPU.Build.0 = Debug|Any CPU
		{ACBAB271-3694-4789-9FFF-348A2C7FB659}.Release|Any CPU.ActiveCfg = Release|Any CPU
		{ACBAB271-3694-4789-9FFF-348A2C7FB659}.Release|Any CPU.Build.0 = Release|Any CPU
	EndGlobalSection
	GlobalSection(SolutionProperties) = preSolution
		HideSolutionNode = FALSE
	EndGlobalSection
	GlobalSection(ExtensibilityGlobals) = postSolution
		SolutionGuid = {77782791-DD8C-4026-AEEB-EB55C5E8CC82}
	EndGlobalSection
EndGlobal
